// !$*UTF8*$!
{
	archiveVersion = 1;
	classes = {
	};
	objectVersion = 46;
	objects = {

/* Begin PBXBuildFile section */
		45108E2C1992135600C54C3D /* AppDelegate.swift in Sources */ = {isa = PBXBuildFile; fileRef = 45108E2B1992135600C54C3D /* AppDelegate.swift */; };
		45108E2E1992135600C54C3D /* ViewController.swift in Sources */ = {isa = PBXBuildFile; fileRef = 45108E2D1992135600C54C3D /* ViewController.swift */; };
		45108E331992135600C54C3D /* Images.xcassets in Resources */ = {isa = PBXBuildFile; fileRef = 45108E321992135600C54C3D /* Images.xcassets */; };
		45108E3F1992135600C54C3D /* SwiftStudyiOSTests.swift in Sources */ = {isa = PBXBuildFile; fileRef = 45108E3E1992135600C54C3D /* SwiftStudyiOSTests.swift */; };
		452FEB791992252C00EB88E1 /* TopMessageView.swift in Sources */ = {isa = PBXBuildFile; fileRef = 452FEB781992252C00EB88E1 /* TopMessageView.swift */; };
		4536AC91199314A800B0B548 /* LoadingCircle.swift in Sources */ = {isa = PBXBuildFile; fileRef = 4536AC90199314A800B0B548 /* LoadingCircle.swift */; };
		45B561B71993614F00612602 /* CirActivityIndicatorView.swift in Sources */ = {isa = PBXBuildFile; fileRef = 45B561B61993614F00612602 /* CirActivityIndicatorView.swift */; };
/* End PBXBuildFile section */

/* Begin PBXContainerItemProxy section */
		45108E391992135600C54C3D /* PBXContainerItemProxy */ = {
			isa = PBXContainerItemProxy;
			containerPortal = 45108E1E1992135500C54C3D /* Project object */;
			proxyType = 1;
			remoteGlobalIDString = 45108E251992135500C54C3D;
			remoteInfo = SwiftStudyiOS;
		};
/* End PBXContainerItemProxy section */

/* Begin PBXFileReference section */
		45108E261992135500C54C3D /* SwiftStudyiOS.app */ = {isa = PBXFileReference; explicitFileType = wrapper.application; includeInIndex = 0; path = SwiftStudyiOS.app; sourceTree = BUILT_PRODUCTS_DIR; };
		45108E2A1992135600C54C3D /* Info.plist */ = {isa = PBXFileReference; lastKnownFileType = text.plist.xml; path = Info.plist; sourceTree = "<group>"; };
		45108E2B1992135600C54C3D /* AppDelegate.swift */ = {isa = PBXFileReference; lastKnownFileType = sourcecode.swift; path = AppDelegate.swift; sourceTree = "<group>"; };
		45108E2D1992135600C54C3D /* ViewController.swift */ = {isa = PBXFileReference; lastKnownFileType = sourcecode.swift; path = ViewController.swift; sourceTree = "<group>"; };
		45108E321992135600C54C3D /* Images.xcassets */ = {isa = PBXFileReference; lastKnownFileType = folder.assetcatalog; path = Images.xcassets; sourceTree = "<group>"; };
		45108E381992135600C54C3D /* SwiftStudyiOSTests.xctest */ = {isa = PBXFileReference; explicitFileType = wrapper.cfbundle; includeInIndex = 0; path = SwiftStudyiOSTests.xctest; sourceTree = BUILT_PRODUCTS_DIR; };
		45108E3D1992135600C54C3D /* Info.plist */ = {isa = PBXFileReference; lastKnownFileType = text.plist.xml; path = Info.plist; sourceTree = "<group>"; };
		45108E3E1992135600C54C3D /* SwiftStudyiOSTests.swift */ = {isa = PBXFileReference; lastKnownFileType = sourcecode.swift; path = SwiftStudyiOSTests.swift; sourceTree = "<group>"; };
		452FEB781992252C00EB88E1 /* TopMessageView.swift */ = {isa = PBXFileReference; fileEncoding = 4; lastKnownFileType = sourcecode.swift; name = TopMessageView.swift; path = ../TopMessageView.swift; sourceTree = "<group>"; };
		4536AC90199314A800B0B548 /* LoadingCircle.swift */ = {isa = PBXFileReference; fileEncoding = 4; lastKnownFileType = sourcecode.swift; path = LoadingCircle.swift; sourceTree = "<group>"; };
		45B561B61993614F00612602 /* CirActivityIndicatorView.swift */ = {isa = PBXFileReference; fileEncoding = 4; lastKnownFileType = sourcecode.swift; path = CirActivityIndicatorView.swift; sourceTree = "<group>"; };
/* End PBXFileReference section */

/* Begin PBXFrameworksBuildPhase section */
		45108E231992135500C54C3D /* Frameworks */ = {
			isa = PBXFrameworksBuildPhase;
			buildActionMask = 2147483647;
			files = (
			);
			runOnlyForDeploymentPostprocessing = 0;
		};
		45108E351992135600C54C3D /* Frameworks */ = {
			isa = PBXFrameworksBuildPhase;
			buildActionMask = 2147483647;
			files = (
			);
			runOnlyForDeploymentPostprocessing = 0;
		};
/* End PBXFrameworksBuildPhase section */

/* Begin PBXGroup section */
		45108E1D1992135500C54C3D = {
			isa = PBXGroup;
			children = (
				45108E281992135500C54C3D /* SwiftStudyiOS */,
				45108E3B1992135600C54C3D /* SwiftStudyiOSTests */,
				45108E271992135500C54C3D /* Products */,
			);
			sourceTree = "<group>";
		};
		45108E271992135500C54C3D /* Products */ = {
			isa = PBXGroup;
			children = (
				45108E261992135500C54C3D /* SwiftStudyiOS.app */,
				45108E381992135600C54C3D /* SwiftStudyiOSTests.xctest */,
			);
			name = Products;
			sourceTree = "<group>";
		};
		45108E281992135500C54C3D /* SwiftStudyiOS */ = {
			isa = PBXGroup;
			children = (
				452FEB781992252C00EB88E1 /* TopMessageView.swift */,
				4536AC90199314A800B0B548 /* LoadingCircle.swift */,
				45B561B61993614F00612602 /* CirActivityIndicatorView.swift */,
				45108E2B1992135600C54C3D /* AppDelegate.swift */,
				45108E2D1992135600C54C3D /* ViewController.swift */,
				45108E321992135600C54C3D /* Images.xcassets */,
				45108E291992135500C54C3D /* Supporting Files */,
			);
			path = SwiftStudyiOS;
			sourceTree = "<group>";
		};
		45108E291992135500C54C3D /* Supporting Files */ = {
			isa = PBXGroup;
			children = (
				45108E2A1992135600C54C3D /* Info.plist */,
			);
			name = "Supporting Files";
			sourceTree = "<group>";
		};
		45108E3B1992135600C54C3D /* SwiftStudyiOSTests */ = {
			isa = PBXGroup;
			children = (
				45108E3E1992135600C54C3D /* SwiftStudyiOSTests.swift */,
				45108E3C1992135600C54C3D /* Supporting Files */,
			);
			path = SwiftStudyiOSTests;
			sourceTree = "<group>";
		};
		45108E3C1992135600C54C3D /* Supporting Files */ = {
			isa = PBXGroup;
			children = (
				45108E3D1992135600C54C3D /* Info.plist */,
			);
			name = "Supporting Files";
			sourceTree = "<group>";
		};
/* End PBXGroup section */

/* Begin PBXNativeTarget section */
		45108E251992135500C54C3D /* SwiftStudyiOS */ = {
			isa = PBXNativeTarget;
			buildConfigurationList = 45108E421992135600C54C3D /* Build configuration list for PBXNativeTarget "SwiftStudyiOS" */;
			buildPhases = (
				45108E221992135500C54C3D /* Sources */,
				45108E231992135500C54C3D /* Frameworks */,
				45108E241992135500C54C3D /* Resources */,
			);
			buildRules = (
			);
			dependencies = (
			);
			name = SwiftStudyiOS;
			productName = SwiftStudyiOS;
			productReference = 45108E261992135500C54C3D /* SwiftStudyiOS.app */;
			productType = "com.apple.product-type.application";
		};
		45108E371992135600C54C3D /* SwiftStudyiOSTests */ = {
			isa = PBXNativeTarget;
			buildConfigurationList = 45108E451992135600C54C3D /* Build configuration list for PBXNativeTarget "SwiftStudyiOSTests" */;
			buildPhases = (
				45108E341992135600C54C3D /* Sources */,
				45108E351992135600C54C3D /* Frameworks */,
				45108E361992135600C54C3D /* Resources */,
			);
			buildRules = (
			);
			dependencies = (
				45108E3A1992135600C54C3D /* PBXTargetDependency */,
			);
			name = SwiftStudyiOSTests;
			productName = SwiftStudyiOSTests;
			productReference = 45108E381992135600C54C3D /* SwiftStudyiOSTests.xctest */;
			productType = "com.apple.product-type.bundle.unit-test";
		};
/* End PBXNativeTarget section */

/* Begin PBXProject section */
		45108E1E1992135500C54C3D /* Project object */ = {
			isa = PBXProject;
			attributes = {
				LastUpgradeCheck = 0600;
				ORGANIZATIONNAME = shuqiong;
				TargetAttributes = {
					45108E251992135500C54C3D = {
						CreatedOnToolsVersion = 6.0;
					};
					45108E371992135600C54C3D = {
						CreatedOnToolsVersion = 6.0;
						TestTargetID = 45108E251992135500C54C3D;
					};
				};
			};
			buildConfigurationList = 45108E211992135500C54C3D /* Build configuration list for PBXProject "SwiftStudyiOS" */;
			compatibilityVersion = "Xcode 3.2";
			developmentRegion = English;
			hasScannedForEncodings = 0;
			knownRegions = (
				en,
				Base,
			);
			mainGroup = 45108E1D1992135500C54C3D;
			productRefGroup = 45108E271992135500C54C3D /* Products */;
			projectDirPath = "";
			projectRoot = "";
			targets = (
				45108E251992135500C54C3D /* SwiftStudyiOS */,
				45108E371992135600C54C3D /* SwiftStudyiOSTests */,
			);
		};
/* End PBXProject section */

/* Begin PBXResourcesBuildPhase section */
		45108E241992135500C54C3D /* Resources */ = {
			isa = PBXResourcesBuildPhase;
			buildActionMask = 2147483647;
			files = (
				45108E331992135600C54C3D /* Images.xcassets in Resources */,
			);
			runOnlyForDeploymentPostprocessing = 0;
		};
		45108E361992135600C54C3D /* Resources */ = {
			isa = PBXResourcesBuildPhase;
			buildActionMask = 2147483647;
			files = (
			);
			runOnlyForDeploymentPostprocessing = 0;
		};
/* End PBXResourcesBuildPhase section */

/* Begin PBXSourcesBuildPhase section */
		45108E221992135500C54C3D /* Sources */ = {
			isa = PBXSourcesBuildPhase;
			buildActionMask = 2147483647;
			files = (
				452FEB791992252C00EB88E1 /* TopMessageView.swift in Sources */,
				45108E2E1992135600C54C3D /* ViewController.swift in Sources */,
				4536AC91199314A800B0B548 /* LoadingCircle.swift in Sources */,
				45B561B71993614F00612602 /* CirActivityIndicatorView.swift in Sources */,
				45108E2C1992135600C54C3D /* AppDelegate.swift in Sources */,
			);
			runOnlyForDeploymentPostprocessing = 0;
		};
		45108E341992135600C54C3D /* Sources */ = {
			isa = PBXSourcesBuildPhase;
			buildActionMask = 2147483647;
			files = (
				45108E3F1992135600C54C3D /* SwiftStudyiOSTests.swift in Sources */,
			);
			runOnlyForDeploymentPostprocessing = 0;
		};
/* End PBXSourcesBuildPhase section */

/* Begin PBXTargetDependency section */
		45108E3A1992135600C54C3D /* PBXTargetDependency */ = {
			isa = PBXTargetDependency;
			target = 45108E251992135500C54C3D /* SwiftStudyiOS */;
			targetProxy = 45108E391992135600C54C3D /* PBXContainerItemProxy */;
		};
/* End PBXTargetDependency section */

/* Begin XCBuildConfiguration section */
		45108E401992135600C54C3D /* Debug */ = {
			isa = XCBuildConfiguration;
			buildSettings = {
				ALWAYS_SEARCH_USER_PATHS = NO;
				CLANG_CXX_LANGUAGE_STANDARD = "gnu++0x";
				CLANG_CXX_LIBRARY = "libc++";
				CLANG_ENABLE_MODULES = YES;
				CLANG_ENABLE_OBJC_ARC = YES;
				CLANG_WARN_BOOL_CONVERSION = YES;
				CLANG_WARN_CONSTANT_CONVERSION = YES;
				CLANG_WARN_DIRECT_OBJC_ISA_USAGE = YES_ERROR;
				CLANG_WARN_EMPTY_BODY = YES;
				CLANG_WARN_ENUM_CONVERSION = YES;
				CLANG_WARN_INT_CONVERSION = YES;
				CLANG_WARN_OBJC_ROOT_CLASS = YES_ERROR;
				CLANG_WARN_UNREACHABLE_CODE = YES;
				CLANG_WARN__DUPLICATE_METHOD_MATCH = YES;
				"CODE_SIGN_IDENTITY[sdk=iphoneos*]" = "iPhone Developer";
				COPY_PHASE_STRIP = NO;
				ENABLE_STRICT_OBJC_MSGSEND = YES;
				GCC_C_LANGUAGE_STANDARD = gnu99;
				GCC_DYNAMIC_NO_PIC = NO;
				GCC_OPTIMIZATION_LEVEL = 0;
				GCC_PREPROCESSOR_DEFINITIONS = (
					"DEBUG=1",
					"$(inherited)",
				);
				GCC_SYMBOLS_PRIVATE_EXTERN = NO;
				GCC_WARN_64_TO_32_BIT_CONVERSION = YES;
				GCC_WARN_ABOUT_RETURN_TYPE = YES_ERROR;
				GCC_WARN_UNDECLARED_SELECTOR = YES;
				GCC_WARN_UNINITIALIZED_AUTOS = YES_AGGRESSIVE;
				GCC_WARN_UNUSED_FUNCTION = YES;
				GCC_WARN_UNUSED_VARIABLE = YES;
				IPHONEOS_DEPLOYMENT_TARGET = 8.0;
				MTL_ENABLE_DEBUG_INFO = YES;
				ONLY_ACTIVE_ARCH = YES;
				SDKROOT = iphoneos;
				SWIFT_OPTIMIZATION_LEVEL = "-Onone";
			};
			name = Debug;
		};
		45108E411992135600C54C3D /* Release */ = {
			isa = XCBuildConfiguration;
			buildSettings = {
				ALWAYS_SEARCH_USER_PATHS = NO;
				CLANG_CXX_LANGUAGE_STANDARD = "gnu++0x";
				CLANG_CXX_LIBRARY = "libc++";
				CLANG_ENABLE_MODULES = YES;
				CLANG_ENABLE_OBJC_ARC = YES;
				CLANG_WARN_BOOL_CONVERSION = YES;
				CLANG_WARN_CONSTANT_CONVERSION = YES;
				CLANG_WARN_DIRECT_OBJC_ISA_USAGE = YES_ERROR;
				CLANG_WARN_EMPTY_BODY = YES;
				CLANG_WARN_ENUM_CONVERSION = YES;
				CLANG_WARN_INT_CONVERSION = YES;
				CLANG_WARN_OBJC_ROOT_CLASS = YES_ERROR;
				CLANG_WARN_UNREACHABLE_CODE = YES;
				CLANG_WARN__DUPLICATE_METHOD_MATCH = YES;
				"CODE_SIGN_IDENTITY[sdk=iphoneos*]" = "iPhone Developer";
				COPY_PHASE_STRIP = YES;
				ENABLE_NS_ASSERTIONS = NO;
				ENABLE_STRICT_OBJC_MSGSEND = YES;
				GCC_C_LANGUAGE_STANDARD = gnu99;
				GCC_WARN_64_TO_32_BIT_CONVERSION = YES;
				GCC_WARN_ABOUT_RETURN_TYPE = YES_ERROR;
				GCC_WARN_UNDECLARED_SELECTOR = YES;
				GCC_WARN_UNINITIALIZED_AUTOS = YES_AGGRESSIVE;
				GCC_WARN_UNUSED_FUNCTION = YES;
				GCC_WARN_UNUSED_VARIABLE = YES;
				IPHONEOS_DEPLOYMENT_TARGET = 8.0;
				MTL_ENABLE_DEBUG_INFO = NO;
				SDKROOT = iphoneos;
				VALIDATE_PRODUCT = YES;
			};
			name = Release;
		};
		45108E431992135600C54C3D /* Debug */ = {
			isa = XCBuildConfiguration;
			buildSettings = {
				ASSETCATALOG_COMPILER_APPICON_NAME = AppIcon;
				ASSETCATALOG_COMPILER_LAUNCHIMAGE_NAME = LaunchImage;
				INFOPLIST_FILE = SwiftStudyiOS/Info.plist;
				LD_RUNPATH_SEARCH_PATHS = "$(inherited) @executable_path/Frameworks";
				PRODUCT_NAME = "$(TARGET_NAME)";
			};
			name = Debug;
		};
		45108E441992135600C54C3D /* Release */ = {
			isa = XCBuildConfiguration;
			buildSettings = {
				ASSETCATALOG_COMPILER_APPICON_NAME = AppIcon;
				ASSETCATALOG_COMPILER_LAUNCHIMAGE_NAME = LaunchImage;
				INFOPLIST_FILE = SwiftStudyiOS/Info.plist;
				LD_RUNPATH_SEARCH_PATHS = "$(inherited) @executable_path/Frameworks";
				PRODUCT_NAME = "$(TARGET_NAME)";
			};
			name = Release;
		};
		45108E461992135600C54C3D /* Debug */ = {
			isa = XCBuildConfiguration;
			buildSettings = {
				BUNDLE_LOADER = "$(BUILT_PRODUCTS_DIR)/SwiftStudyiOS.app/SwiftStudyiOS";
				FRAMEWORK_SEARCH_PATHS = (
					"$(SDKROOT)/Developer/Library/Frameworks",
					"$(inherited)",
				);
				GCC_PREPROCESSOR_DEFINITIONS = (
					"DEBUG=1",
					"$(inherited)",
				);
				INFOPLIST_FILE = SwiftStudyiOSTests/Info.plist;
				LD_RUNPATH_SEARCH_PATHS = "$(inherited) @executable_path/Frameworks @loader_path/Frameworks";
				PRODUCT_NAME = "$(TARGET_NAME)";
				TEST_HOST = "$(BUNDLE_LOADER)";
			};
			name = Debug;
		};
		45108E471992135600C54C3D /* Release */ = {
			isa = XCBuildConfiguration;
			buildSettings = {
				BUNDLE_LOADER = "$(BUILT_PRODUCTS_DIR)/SwiftStudyiOS.app/SwiftStudyiOS";
				FRAMEWORK_SEARCH_PATHS = (
					"$(SDKROOT)/Developer/Library/Frameworks",
					"$(inherited)",
				);
				INFOPLIST_FILE = SwiftStudyiOSTests/Info.plist;
				LD_RUNPATH_SEARCH_PATHS = "$(inherited) @executable_path/Frameworks @loader_path/Frameworks";
				PRODUCT_NAME = "$(TARGET_NAME)";
				TEST_HOST = "$(BUNDLE_LOADER)";
			};
			name = Release;
		};
/* End XCBuildConfiguration section */

/* Begin XCConfigurationList section */
		45108E211992135500C54C3D /* Build configuration list for PBXProject "SwiftStudyiOS" */ = {
			isa = XCConfigurationList;
			buildConfigurations = (
				45108E401992135600C54C3D /* Debug */,
				45108E411992135600C54C3D /* Release */,
			);
			defaultConfigurationIsVisible = 0;
			defaultConfigurationName = Release;
		};
		45108E421992135600C54C3D /* Build configuration list for PBXNativeTarget "SwiftStudyiOS" */ = {
			isa = XCConfigurationList;
			buildConfigurations = (
				45108E431992135600C54C3D /* Debug */,
				45108E441992135600C54C3D /* Release */,
			);
			defaultConfigurationIsVisible = 0;
			defaultConfigurationName = Release;
		};
		45108E451992135600C54C3D /* Build configuration list for PBXNativeTarget "SwiftStudyiOSTests" */ = {
			isa = XCConfigurationList;
			buildConfigurations = (
				45108E461992135600C54C3D /* Debug */,
				45108E471992135600C54C3D /* Release */,
			);
			defaultConfigurationIsVisible = 0;
			defaultConfigurationName = Release;
		};
/* End XCConfigurationList section */
	};
	rootObject = 45108E1E1992135500C54C3D /* Project object */;
}
